
Microsoft Visual Studio Solution File, Format Version 12.00
Project("{FAE04EC0-301F-11D3-BF4B-00C04F79EFBC}") = "E2", "E2\E2.csproj", "{EB433525-5FC9-4CE6-AF61-05AC7CAEC9EA}"
EndProject
Project("{FAE04EC0-301F-11D3-BF4B-00C04F79EFBC}") = "E2P2", "E2P2\E2P2.csproj", "{B681342E-B67D-4604-B79F-80FFB9E0AFC6}"
EndProject
Project("{FAE04EC0-301F-11D3-BF4B-00C04F79EFBC}") = "MongoDB_E1", "MongoDB_E1\MongoDB_E1.csproj", "{5120DC4B-305A-4D70-B6F5-CE1B11ED0DF2}"
EndProject
Global
	GlobalSection(SolutionConfigurationPlatforms) = preSolution
		Debug|Any CPU = Debug|Any CPU
		Release|Any CPU = Release|Any CPU
	EndGlobalSection
	GlobalSection(ProjectConfigurationPlatforms) = postSolution
		{EB433525-5FC9-4CE6-AF61-05AC7CAEC9EA}.Debug|Any CPU.ActiveCfg = Debug|Any CPU
		{EB433525-5FC9-4CE6-AF61-05AC7CAEC9EA}.Debug|Any CPU.Build.0 = Debug|Any CPU
		{EB433525-5FC9-4CE6-AF61-05AC7CAEC9EA}.Release|Any CPU.ActiveCfg = Release|Any CPU
		{EB433525-5FC9-4CE6-AF61-05AC7CAEC9EA}.Release|Any CPU.Build.0 = Release|Any CPU
		{B681342E-B67D-4604-B79F-80FFB9E0AFC6}.Debug|Any CPU.ActiveCfg = Debug|Any CPU
		{B681342E-B67D-4604-B79F-80FFB9E0AFC6}.Debug|Any CPU.Build.0 = Debug|Any CPU
		{B681342E-B67D-4604-B79F-80FFB9E0AFC6}.Release|Any CPU.ActiveCfg = Release|Any CPU
		{B681342E-B67D-4604-B79F-80FFB9E0AFC6}.Release|Any CPU.Build.0 = Release|Any CPU
		{5120DC4B-305A-4D70-B6F5-CE1B11ED0DF2}.Debug|Any CPU.ActiveCfg = Debug|Any CPU
		{5120DC4B-305A-4D70-B6F5-CE1B11ED0DF2}.Debug|Any CPU.Build.0 = Debug|Any CPU
		{5120DC4B-305A-4D70-B6F5-CE1B11ED0DF2}.Release|Any CPU.ActiveCfg = Release|Any CPU
		{5120DC4B-305A-4D70-B6F5-CE1B11ED0DF2}.Release|Any CPU.Build.0 = Release|Any CPU
	EndGlobalSection
EndGlobal
